
Microsoft Visual Studio Solution File, Format Version 12.00
# Visual Studio 15
VisualStudioVersion = 15.0.26730.12
MinimumVisualStudioVersion = 10.0.40219.1
Project("{FAE04EC0-301F-11D3-BF4B-00C04F79EFBC}") = "SWZR.Dynamxy", "SWZR.Dynamxy\SWZR.Dynamxy.csproj", "{760A5904-3876-4FD7-AF80-22772B487D5B}"
EndProject
Project("{FAE04EC0-301F-11D3-BF4B-00C04F79EFBC}") = "SWZR.Dynamxy.Test", "SWZR.Dynamxy.Test\SWZR.Dynamxy.Test.csproj", "{C532015C-713C-48D9-804C-6E53C1CFAA80}"
EndProject
Global
	GlobalSection(SolutionConfigurationPlatforms) = preSolution
		Debug|Any CPU = Debug|Any CPU
		Release|Any CPU = Release|Any CPU
	EndGlobalSection
	GlobalSection(ProjectConfigurationPlatforms) = postSolution
		{760A5904-3876-4FD7-AF80-22772B487D5B}.Debug|Any CPU.ActiveCfg = Debug|Any CPU
		{760A5904-3876-4FD7-AF80-22772B487D5B}.Debug|Any CPU.Build.0 = Debug|Any CPU
		{760A5904-3876-4FD7-AF80-22772B487D5B}.Release|Any CPU.ActiveCfg = Release|Any CPU
		{760A5904-3876-4FD7-AF80-22772B487D5B}.Release|Any CPU.Build.0 = Release|Any CPU
		{C532015C-713C-48D9-804C-6E53C1CFAA80}.Debug|Any CPU.ActiveCfg = Debug|Any CPU
		{C532015C-713C-48D9-804C-6E53C1CFAA80}.Debug|Any CPU.Build.0 = Debug|Any CPU
		{C532015C-713C-48D9-804C-6E53C1CFAA80}.Release|Any CPU.ActiveCfg = Release|Any CPU
		{C532015C-713C-48D9-804C-6E53C1CFAA80}.Release|Any CPU.Build.0 = Release|Any CPU
	EndGlobalSection
	GlobalSection(SolutionProperties) = preSolution
		HideSolutionNode = FALSE
	EndGlobalSection
	GlobalSection(ExtensibilityGlobals) = postSolution
		SolutionGuid = {AE1577CC-D961-4A48-8A9D-CAD859CD3786}
	EndGlobalSection
EndGlobal
